
Microsoft Visual Studio Solution File, Format Version 12.00
# Visual Studio Version 17
VisualStudioVersion = 17.8.34511.84
MinimumVisualStudioVersion = 10.0.40219.1
Project("{FAE04EC0-301F-11D3-BF4B-00C04F79EFBC}") = "suggestionbox", "suggestionbox.csproj", "{A78FD05F-15AC-4FAF-8BC6-1948EF03C576}"
EndProject
Global
	GlobalSection(SolutionConfigurationPlatforms) = preSolution
		Debug|Any CPU = Debug|Any CPU
		Release|Any CPU = Release|Any CPU
	EndGlobalSection
	GlobalSection(ProjectConfigurationPlatforms) = postSolution
		{A78FD05F-15AC-4FAF-8BC6-1948EF03C576}.Debug|Any CPU.ActiveCfg = Debug|Any CPU
		{A78FD05F-15AC-4FAF-8BC6-1948EF03C576}.Debug|Any CPU.Build.0 = Debug|Any CPU
		{A78FD05F-15AC-4FAF-8BC6-1948EF03C576}.Release|Any CPU.ActiveCfg = Release|Any CPU
		{A78FD05F-15AC-4FAF-8BC6-1948EF03C576}.Release|Any CPU.Build.0 = Release|Any CPU
	EndGlobalSection
	GlobalSection(SolutionProperties) = preSolution
		HideSolutionNode = FALSE
	EndGlobalSection
	GlobalSection(ExtensibilityGlobals) = postSolution
		SolutionGuid = {F1F50FFD-321B-4A90-BF15-D8AE1BBCEB51}
	EndGlobalSection
EndGlobal
